
Microsoft Visual Studio Solution File, Format Version 12.00
# Visual Studio Version 17
VisualStudioVersion = 17.14.36414.22 d17.14
MinimumVisualStudioVersion = 10.0.40219.1
Project("{FAE04EC0-301F-11D3-BF4B-00C04F79EFBC}") = "DischargingCase", "DischargingCase\DischargingCase.csproj", "{9A1F4104-1B33-4170-9CF8-17BC6EE34B77}"
EndProject
Project("{FAE04EC0-301F-11D3-BF4B-00C04F79EFBC}") = "DischargingCase.Tests", "DischargingCase.Tests\DischargingCase.Tests.csproj", "{820CDD31-F6F9-4159-BFC2-B11B26838989}"
EndProject
Global
	GlobalSection(SolutionConfigurationPlatforms) = preSolution
		Debug|Any CPU = Debug|Any CPU
		Release|Any CPU = Release|Any CPU
	EndGlobalSection
	GlobalSection(ProjectConfigurationPlatforms) = postSolution
		{9A1F4104-1B33-4170-9CF8-17BC6EE34B77}.Debug|Any CPU.ActiveCfg = Debug|Any CPU
		{9A1F4104-1B33-4170-9CF8-17BC6EE34B77}.Debug|Any CPU.Build.0 = Debug|Any CPU
		{9A1F4104-1B33-4170-9CF8-17BC6EE34B77}.Release|Any CPU.ActiveCfg = Release|Any CPU
		{9A1F4104-1B33-4170-9CF8-17BC6EE34B77}.Release|Any CPU.Build.0 = Release|Any CPU
		{820CDD31-F6F9-4159-BFC2-B11B26838989}.Debug|Any CPU.ActiveCfg = Debug|Any CPU
		{820CDD31-F6F9-4159-BFC2-B11B26838989}.Debug|Any CPU.Build.0 = Debug|Any CPU
		{820CDD31-F6F9-4159-BFC2-B11B26838989}.Release|Any CPU.ActiveCfg = Release|Any CPU
		{820CDD31-F6F9-4159-BFC2-B11B26838989}.Release|Any CPU.Build.0 = Release|Any CPU
	EndGlobalSection
	GlobalSection(SolutionProperties) = preSolution
		HideSolutionNode = FALSE
	EndGlobalSection
	GlobalSection(ExtensibilityGlobals) = postSolution
		SolutionGuid = {312F72DF-76AE-4CF1-A9D8-89CE760BD183}
	EndGlobalSection
EndGlobal
